<Solution>
  <Folder Name="/src/">
    <Project Path="src/Hrms.Api/Hrms.Api.csproj" />
    <Project Path="src/Hrms.Application/Hrms.Application.csproj" />
    <Project Path="src/Hrms.Domain/Hrms.Domain.csproj" />
    <Project Path="src/Hrms.Infrastructure/Hrms.Infrastructure.csproj" />
  </Folder>
</Solution>
